
Microsoft Visual Studio Solution File, Format Version 12.00
# Visual Studio 15
VisualStudioVersion = 15.0.27703.2035
MinimumVisualStudioVersion = 10.0.40219.1
Project("{FAE04EC0-301F-11D3-BF4B-00C04F79EFBC}") = "helloworld_test", "helloworld_test.csproj", "{8D607114-25B7-4C52-BB27-5695B0886BCC}"
EndProject
Global
	GlobalSection(SolutionConfigurationPlatforms) = preSolution
		Debug|Any CPU = Debug|Any CPU
		Release|Any CPU = Release|Any CPU
	EndGlobalSection
	GlobalSection(ProjectConfigurationPlatforms) = postSolution
		{8D607114-25B7-4C52-BB27-5695B0886BCC}.Debug|Any CPU.ActiveCfg = Debug|Any CPU
		{8D607114-25B7-4C52-BB27-5695B0886BCC}.Debug|Any CPU.Build.0 = Debug|Any CPU
		{8D607114-25B7-4C52-BB27-5695B0886BCC}.Release|Any CPU.ActiveCfg = Release|Any CPU
		{8D607114-25B7-4C52-BB27-5695B0886BCC}.Release|Any CPU.Build.0 = Release|Any CPU
	EndGlobalSection
	GlobalSection(SolutionProperties) = preSolution
		HideSolutionNode = FALSE
	EndGlobalSection
	GlobalSection(ExtensibilityGlobals) = postSolution
		SolutionGuid = {223D22B6-0BCF-46F8-8739-B72F443CF700}
	EndGlobalSection
EndGlobal
